// !$*UTF8*$!
{
	archiveVersion = 1;
	classes = {
	};
	objectVersion = 50;
	objects = {

/* Begin PBXBuildFile section */
		F8AC670121837CDE00372356 /* AppDelegate.m in Sources */ = {isa = PBXBuildFile; fileRef = F8AC670021837CDE00372356 /* AppDelegate.m */; };
		F8AC670721837CDE00372356 /* Main.storyboard in Resources */ = {isa = PBXBuildFile; fileRef = F8AC670521837CDE00372356 /* Main.storyboard */; };
		F8AC670921837CDF00372356 /* Assets.xcassets in Resources */ = {isa = PBXBuildFile; fileRef = F8AC670821837CDF00372356 /* Assets.xcassets */; };
		F8AC670C21837CDF00372356 /* LaunchScreen.storyboard in Resources */ = {isa = PBXBuildFile; fileRef = F8AC670A21837CDF00372356 /* LaunchScreen.storyboard */; };
		F8AC670F21837CDF00372356 /* main.m in Sources */ = {isa = PBXBuildFile; fileRef = F8AC670E21837CDF00372356 /* main.m */; };
		F8AC67172183819D00372356 /* PokemonAPI.swift in Sources */ = {isa = PBXBuildFile; fileRef = F8AC67162183819D00372356 /* PokemonAPI.swift */; };
		F8AC671A2183821100372356 /* JTMPokemonObject.m in Sources */ = {isa = PBXBuildFile; fileRef = F8AC67192183821100372356 /* JTMPokemonObject.m */; };
		F8AC671D218383DD00372356 /* JTMPokemonTableViewController.m in Sources */ = {isa = PBXBuildFile; fileRef = F8AC671C218383DD00372356 /* JTMPokemonTableViewController.m */; };
		F8AC672021838F6900372356 /* JTMPokemonDetailViewController.m in Sources */ = {isa = PBXBuildFile; fileRef = F8AC671F21838F6900372356 /* JTMPokemonDetailViewController.m */; };
/* End PBXBuildFile section */

/* Begin PBXFileReference section */
		F8AC66FC21837CDE00372356 /* Pokemon-ObjC.app */ = {isa = PBXFileReference; explicitFileType = wrapper.application; includeInIndex = 0; path = "Pokemon-ObjC.app"; sourceTree = BUILT_PRODUCTS_DIR; };
		F8AC66FF21837CDE00372356 /* AppDelegate.h */ = {isa = PBXFileReference; lastKnownFileType = sourcecode.c.h; path = AppDelegate.h; sourceTree = "<group>"; };
		F8AC670021837CDE00372356 /* AppDelegate.m */ = {isa = PBXFileReference; lastKnownFileType = sourcecode.c.objc; path = AppDelegate.m; sourceTree = "<group>"; };
		F8AC670621837CDE00372356 /* Base */ = {isa = PBXFileReference; lastKnownFileType = file.storyboard; name = Base; path = Base.lproj/Main.storyboard; sourceTree = "<group>"; };
		F8AC670821837CDF00372356 /* Assets.xcassets */ = {isa = PBXFileReference; lastKnownFileType = folder.assetcatalog; path = Assets.xcassets; sourceTree = "<group>"; };
		F8AC670B21837CDF00372356 /* Base */ = {isa = PBXFileReference; lastKnownFileType = file.storyboard; name = Base; path = Base.lproj/LaunchScreen.storyboard; sourceTree = "<group>"; };
		F8AC670D21837CDF00372356 /* Info.plist */ = {isa = PBXFileReference; lastKnownFileType = text.plist.xml; path = Info.plist; sourceTree = "<group>"; };
		F8AC670E21837CDF00372356 /* main.m */ = {isa = PBXFileReference; lastKnownFileType = sourcecode.c.objc; path = main.m; sourceTree = "<group>"; };
		F8AC67152183819D00372356 /* Pokemon-ObjC-Bridging-Header.h */ = {isa = PBXFileReference; lastKnownFileType = sourcecode.c.h; path = "Pokemon-ObjC-Bridging-Header.h"; sourceTree = "<group>"; };
		F8AC67162183819D00372356 /* PokemonAPI.swift */ = {isa = PBXFileReference; lastKnownFileType = sourcecode.swift; path = PokemonAPI.swift; sourceTree = "<group>"; };
		F8AC67182183821100372356 /* JTMPokemonObject.h */ = {isa = PBXFileReference; lastKnownFileType = sourcecode.c.h; path = JTMPokemonObject.h; sourceTree = "<group>"; };
		F8AC67192183821100372356 /* JTMPokemonObject.m */ = {isa = PBXFileReference; lastKnownFileType = sourcecode.c.objc; path = JTMPokemonObject.m; sourceTree = "<group>"; };
		F8AC671B218383DD00372356 /* JTMPokemonTableViewController.h */ = {isa = PBXFileReference; lastKnownFileType = sourcecode.c.h; path = JTMPokemonTableViewController.h; sourceTree = "<group>"; };
		F8AC671C218383DD00372356 /* JTMPokemonTableViewController.m */ = {isa = PBXFileReference; lastKnownFileType = sourcecode.c.objc; path = JTMPokemonTableViewController.m; sourceTree = "<group>"; };
		F8AC671E21838F6900372356 /* JTMPokemonDetailViewController.h */ = {isa = PBXFileReference; lastKnownFileType = sourcecode.c.h; path = JTMPokemonDetailViewController.h; sourceTree = "<group>"; };
		F8AC671F21838F6900372356 /* JTMPokemonDetailViewController.m */ = {isa = PBXFileReference; lastKnownFileType = sourcecode.c.objc; path = JTMPokemonDetailViewController.m; sourceTree = "<group>"; };
/* End PBXFileReference section */

/* Begin PBXFrameworksBuildPhase section */
		F8AC66F921837CDE00372356 /* Frameworks */ = {
			isa = PBXFrameworksBuildPhase;
			buildActionMask = 2147483647;
			files = (
			);
			runOnlyForDeploymentPostprocessing = 0;
		};
/* End PBXFrameworksBuildPhase section */

/* Begin PBXGroup section */
		F8AC66F321837CDE00372356 = {
			isa = PBXGroup;
			children = (
				F8AC66FE21837CDE00372356 /* Pokemon-ObjC */,
				F8AC66FD21837CDE00372356 /* Products */,
			);
			sourceTree = "<group>";
		};
		F8AC66FD21837CDE00372356 /* Products */ = {
			isa = PBXGroup;
			children = (
				F8AC66FC21837CDE00372356 /* Pokemon-ObjC.app */,
			);
			name = Products;
			sourceTree = "<group>";
		};
		F8AC66FE21837CDE00372356 /* Pokemon-ObjC */ = {
			isa = PBXGroup;
			children = (
				F8AC67152183819D00372356 /* Pokemon-ObjC-Bridging-Header.h */,
				F8AC66FF21837CDE00372356 /* AppDelegate.h */,
				F8AC670021837CDE00372356 /* AppDelegate.m */,
				F8AC670521837CDE00372356 /* Main.storyboard */,
				F8AC670821837CDF00372356 /* Assets.xcassets */,
				F8AC670A21837CDF00372356 /* LaunchScreen.storyboard */,
				F8AC670D21837CDF00372356 /* Info.plist */,
				F8AC670E21837CDF00372356 /* main.m */,
				F8AC67162183819D00372356 /* PokemonAPI.swift */,
				F8AC67182183821100372356 /* JTMPokemonObject.h */,
				F8AC671E21838F6900372356 /* JTMPokemonDetailViewController.h */,
				F8AC671F21838F6900372356 /* JTMPokemonDetailViewController.m */,
				F8AC67192183821100372356 /* JTMPokemonObject.m */,
				F8AC671B218383DD00372356 /* JTMPokemonTableViewController.h */,
				F8AC671C218383DD00372356 /* JTMPokemonTableViewController.m */,
			);
			path = "Pokemon-ObjC";
			sourceTree = "<group>";
		};
/* End PBXGroup section */

/* Begin PBXNativeTarget section */
		F8AC66FB21837CDE00372356 /* Pokemon-ObjC */ = {
			isa = PBXNativeTarget;
			buildConfigurationList = F8AC671221837CDF00372356 /* Build configuration list for PBXNativeTarget "Pokemon-ObjC" */;
			buildPhases = (
				F8AC66F821837CDE00372356 /* Sources */,
				F8AC66F921837CDE00372356 /* Frameworks */,
				F8AC66FA21837CDE00372356 /* Resources */,
			);
			buildRules = (
			);
			dependencies = (
			);
			name = "Pokemon-ObjC";
			productName = "Pokemon-ObjC";
			productReference = F8AC66FC21837CDE00372356 /* Pokemon-ObjC.app */;
			productType = "com.apple.product-type.application";
		};
/* End PBXNativeTarget section */

/* Begin PBXProject section */
		F8AC66F421837CDE00372356 /* Project object */ = {
			isa = PBXProject;
			attributes = {
				CLASSPREFIX = JTM;
				LastUpgradeCheck = 1000;
				ORGANIZATIONNAME = "Jonathan T. Miles";
				TargetAttributes = {
					F8AC66FB21837CDE00372356 = {
						CreatedOnToolsVersion = 10.0;
						LastSwiftMigration = 1000;
					};
				};
			};
			buildConfigurationList = F8AC66F721837CDE00372356 /* Build configuration list for PBXProject "Pokemon-ObjC" */;
			compatibilityVersion = "Xcode 9.3";
			developmentRegion = en;
			hasScannedForEncodings = 0;
			knownRegions = (
				en,
				Base,
			);
			mainGroup = F8AC66F321837CDE00372356;
			productRefGroup = F8AC66FD21837CDE00372356 /* Products */;
			projectDirPath = "";
			projectRoot = "";
			targets = (
				F8AC66FB21837CDE00372356 /* Pokemon-ObjC */,
			);
		};
/* End PBXProject section */

/* Begin PBXResourcesBuildPhase section */
		F8AC66FA21837CDE00372356 /* Resources */ = {
			isa = PBXResourcesBuildPhase;
			buildActionMask = 2147483647;
			files = (
				F8AC670C21837CDF00372356 /* LaunchScreen.storyboard in Resources */,
				F8AC670921837CDF00372356 /* Assets.xcassets in Resources */,
				F8AC670721837CDE00372356 /* Main.storyboard in Resources */,
			);
			runOnlyForDeploymentPostprocessing = 0;
		};
/* End PBXResourcesBuildPhase section */

/* Begin PBXSourcesBuildPhase section */
		F8AC66F821837CDE00372356 /* Sources */ = {
			isa = PBXSourcesBuildPhase;
			buildActionMask = 2147483647;
			files = (
				F8AC671A2183821100372356 /* JTMPokemonObject.m in Sources */,
				F8AC670F21837CDF00372356 /* main.m in Sources */,
				F8AC672021838F6900372356 /* JTMPokemonDetailViewController.m in Sources */,
				F8AC671D218383DD00372356 /* JTMPokemonTableViewController.m in Sources */,
				F8AC67172183819D00372356 /* PokemonAPI.swift in Sources */,
				F8AC670121837CDE00372356 /* AppDelegate.m in Sources */,
			);
			runOnlyForDeploymentPostprocessing = 0;
		};
/* End PBXSourcesBuildPhase section */

/* Begin PBXVariantGroup section */
		F8AC670521837CDE00372356 /* Main.storyboard */ = {
			isa = PBXVariantGroup;
			children = (
				F8AC670621837CDE00372356 /* Base */,
			);
			name = Main.storyboard;
			sourceTree = "<group>";
		};
		F8AC670A21837CDF00372356 /* LaunchScreen.storyboard */ = {
			isa = PBXVariantGroup;
			children = (
				F8AC670B21837CDF00372356 /* Base */,
			);
			name = LaunchScreen.storyboard;
			sourceTree = "<group>";
		};
/* End PBXVariantGroup section */

/* Begin XCBuildConfiguration section */
		F8AC671021837CDF00372356 /* Debug */ = {
			isa = XCBuildConfiguration;
			buildSettings = {
				ALWAYS_SEARCH_USER_PATHS = NO;
				CLANG_ANALYZER_NONNULL = YES;
				CLANG_ANALYZER_NUMBER_OBJECT_CONVERSION = YES_AGGRESSIVE;
				CLANG_CXX_LANGUAGE_STANDARD = "gnu++14";
				CLANG_CXX_LIBRARY = "libc++";
				CLANG_ENABLE_MODULES = YES;
				CLANG_ENABLE_OBJC_ARC = YES;
				CLANG_ENABLE_OBJC_WEAK = YES;
				CLANG_WARN_BLOCK_CAPTURE_AUTORELEASING = YES;
				CLANG_WARN_BOOL_CONVERSION = YES;
				CLANG_WARN_COMMA = YES;
				CLANG_WARN_CONSTANT_CONVERSION = YES;
				CLANG_WARN_DEPRECATED_OBJC_IMPLEMENTATIONS = YES;
				CLANG_WARN_DIRECT_OBJC_ISA_USAGE = YES_ERROR;
				CLANG_WARN_DOCUMENTATION_COMMENTS = YES;
				CLANG_WARN_EMPTY_BODY = YES;
				CLANG_WARN_ENUM_CONVERSION = YES;
				CLANG_WARN_INFINITE_RECURSION = YES;
				CLANG_WARN_INT_CONVERSION = YES;
				CLANG_WARN_NON_LITERAL_NULL_CONVERSION = YES;
				CLANG_WARN_OBJC_IMPLICIT_RETAIN_SELF = YES;
				CLANG_WARN_OBJC_LITERAL_CONVERSION = YES;
				CLANG_WARN_OBJC_ROOT_CLASS = YES_ERROR;
				CLANG_WARN_RANGE_LOOP_ANALYSIS = YES;
				CLANG_WARN_STRICT_PROTOTYPES = YES;
				CLANG_WARN_SUSPICIOUS_MOVE = YES;
				CLANG_WARN_UNGUARDED_AVAILABILITY = YES_AGGRESSIVE;
				CLANG_WARN_UNREACHABLE_CODE = YES;
				CLANG_WARN__DUPLICATE_METHOD_MATCH = YES;
				CODE_SIGN_IDENTITY = "iPhone Developer";
				COPY_PHASE_STRIP = NO;
				DEBUG_INFORMATION_FORMAT = dwarf;
				ENABLE_STRICT_OBJC_MSGSEND = YES;
				ENABLE_TESTABILITY = YES;
				GCC_C_LANGUAGE_STANDARD = gnu11;
				GCC_DYNAMIC_NO_PIC = NO;
				GCC_NO_COMMON_BLOCKS = YES;
				GCC_OPTIMIZATION_LEVEL = 0;
				GCC_PREPROCESSOR_DEFINITIONS = (
					"DEBUG=1",
					"$(inherited)",
				);
				GCC_WARN_64_TO_32_BIT_CONVERSION = YES;
				GCC_WARN_ABOUT_RETURN_TYPE = YES_ERROR;
				GCC_WARN_UNDECLARED_SELECTOR = YES;
				GCC_WARN_UNINITIALIZED_AUTOS = YES_AGGRESSIVE;
				GCC_WARN_UNUSED_FUNCTION = YES;
				GCC_WARN_UNUSED_VARIABLE = YES;
				IPHONEOS_DEPLOYMENT_TARGET = 12.0;
				MTL_ENABLE_DEBUG_INFO = INCLUDE_SOURCE;
				MTL_FAST_MATH = YES;
				ONLY_ACTIVE_ARCH = YES;
				SDKROOT = iphoneos;
			};
			name = Debug;
		};
		F8AC671121837CDF00372356 /* Release */ = {
			isa = XCBuildConfiguration;
			buildSettings = {
				ALWAYS_SEARCH_USER_PATHS = NO;
				CLANG_ANALYZER_NONNULL = YES;
				CLANG_ANALYZER_NUMBER_OBJECT_CONVERSION = YES_AGGRESSIVE;
				CLANG_CXX_LANGUAGE_STANDARD = "gnu++14";
				CLANG_CXX_LIBRARY = "libc++";
				CLANG_ENABLE_MODULES = YES;
				CLANG_ENABLE_OBJC_ARC = YES;
				CLANG_ENABLE_OBJC_WEAK = YES;
				CLANG_WARN_BLOCK_CAPTURE_AUTORELEASING = YES;
				CLANG_WARN_BOOL_CONVERSION = YES;
				CLANG_WARN_COMMA = YES;
				CLANG_WARN_CONSTANT_CONVERSION = YES;
				CLANG_WARN_DEPRECATED_OBJC_IMPLEMENTATIONS = YES;
				CLANG_WARN_DIRECT_OBJC_ISA_USAGE = YES_ERROR;
				CLANG_WARN_DOCUMENTATION_COMMENTS = YES;
				CLANG_WARN_EMPTY_BODY = YES;
				CLANG_WARN_ENUM_CONVERSION = YES;
				CLANG_WARN_INFINITE_RECURSION = YES;
				CLANG_WARN_INT_CONVERSION = YES;
				CLANG_WARN_NON_LITERAL_NULL_CONVERSION = YES;
				CLANG_WARN_OBJC_IMPLICIT_RETAIN_SELF = YES;
				CLANG_WARN_OBJC_LITERAL_CONVERSION = YES;
				CLANG_WARN_OBJC_ROOT_CLASS = YES_ERROR;
				CLANG_WARN_RANGE_LOOP_ANALYSIS = YES;
				CLANG_WARN_STRICT_PROTOTYPES = YES;
				CLANG_WARN_SUSPICIOUS_MOVE = YES;
				CLANG_WARN_UNGUARDED_AVAILABILITY = YES_AGGRESSIVE;
				CLANG_WARN_UNREACHABLE_CODE = YES;
				CLANG_WARN__DUPLICATE_METHOD_MATCH = YES;
				CODE_SIGN_IDENTITY = "iPhone Developer";
				COPY_PHASE_STRIP = NO;
				DEBUG_INFORMATION_FORMAT = "dwarf-with-dsym";
				ENABLE_NS_ASSERTIONS = NO;
				ENABLE_STRICT_OBJC_MSGSEND = YES;
				GCC_C_LANGUAGE_STANDARD = gnu11;
				GCC_NO_COMMON_BLOCKS = YES;
				GCC_WARN_64_TO_32_BIT_CONVERSION = YES;
				GCC_WARN_ABOUT_RETURN_TYPE = YES_ERROR;
				GCC_WARN_UNDECLARED_SELECTOR = YES;
				GCC_WARN_UNINITIALIZED_AUTOS = YES_AGGRESSIVE;
				GCC_WARN_UNUSED_FUNCTION = YES;
				GCC_WARN_UNUSED_VARIABLE = YES;
				IPHONEOS_DEPLOYMENT_TARGET = 12.0;
				MTL_ENABLE_DEBUG_INFO = NO;
				MTL_FAST_MATH = YES;
				SDKROOT = iphoneos;
				VALIDATE_PRODUCT = YES;
			};
			name = Release;
		};
		F8AC671321837CDF00372356 /* Debug */ = {
			isa = XCBuildConfiguration;
			buildSettings = {
				ASSETCATALOG_COMPILER_APPICON_NAME = AppIcon;
				CLANG_ENABLE_MODULES = YES;
				CODE_SIGN_STYLE = Automatic;
				DEVELOPMENT_TEAM = 8J9VUCBX92;
				INFOPLIST_FILE = "Pokemon-ObjC/Info.plist";
				LD_RUNPATH_SEARCH_PATHS = (
					"$(inherited)",
					"@executable_path/Frameworks",
				);
				PRODUCT_BUNDLE_IDENTIFIER = "com.jonathantmiles.Pokemon-ObjC";
				PRODUCT_NAME = "$(TARGET_NAME)";
				SWIFT_OBJC_BRIDGING_HEADER = "Pokemon-ObjC/Pokemon-ObjC-Bridging-Header.h";
				SWIFT_OPTIMIZATION_LEVEL = "-Onone";
				SWIFT_VERSION = 4.2;
				TARGETED_DEVICE_FAMILY = "1,2";
			};
			name = Debug;
		};
		F8AC671421837CDF00372356 /* Release */ = {
			isa = XCBuildConfiguration;
			buildSettings = {
				ASSETCATALOG_COMPILER_APPICON_NAME = AppIcon;
				CLANG_ENABLE_MODULES = YES;
				CODE_SIGN_STYLE = Automatic;
				DEVELOPMENT_TEAM = 8J9VUCBX92;
				INFOPLIST_FILE = "Pokemon-ObjC/Info.plist";
				LD_RUNPATH_SEARCH_PATHS = (
					"$(inherited)",
					"@executable_path/Frameworks",
				);
				PRODUCT_BUNDLE_IDENTIFIER = "com.jonathantmiles.Pokemon-ObjC";
				PRODUCT_NAME = "$(TARGET_NAME)";
				SWIFT_OBJC_BRIDGING_HEADER = "Pokemon-ObjC/Pokemon-ObjC-Bridging-Header.h";
				SWIFT_VERSION = 4.2;
				TARGETED_DEVICE_FAMILY = "1,2";
			};
			name = Release;
		};
/* End XCBuildConfiguration section */

/* Begin XCConfigurationList section */
		F8AC66F721837CDE00372356 /* Build configuration list for PBXProject "Pokemon-ObjC" */ = {
			isa = XCConfigurationList;
			buildConfigurations = (
				F8AC671021837CDF00372356 /* Debug */,
				F8AC671121837CDF00372356 /* Release */,
			);
			defaultConfigurationIsVisible = 0;
			defaultConfigurationName = Release;
		};
		F8AC671221837CDF00372356 /* Build configuration list for PBXNativeTarget "Pokemon-ObjC" */ = {
			isa = XCConfigurationList;
			buildConfigurations = (
				F8AC671321837CDF00372356 /* Debug */,
				F8AC671421837CDF00372356 /* Release */,
			);
			defaultConfigurationIsVisible = 0;
			defaultConfigurationName = Release;
		};
/* End XCConfigurationList section */
	};
	rootObject = F8AC66F421837CDE00372356 /* Project object */;
}
